
Microsoft Visual Studio Solution File, Format Version 12.00
# Visual Studio Version 16
VisualStudioVersion = 16.0.30104.148
MinimumVisualStudioVersion = 10.0.40219.1
Project("{9A19103F-16F7-4668-BE54-9A1E7A4F7556}") = "Area_51", "Area 51\Area_51.csproj", "{D45166B0-E24D-4CBB-9C7D-C767F875F185}"
EndProject
Global
	GlobalSection(SolutionConfigurationPlatforms) = preSolution
		Debug|Any CPU = Debug|Any CPU
		Release|Any CPU = Release|Any CPU
	EndGlobalSection
	GlobalSection(ProjectConfigurationPlatforms) = postSolution
		{D45166B0-E24D-4CBB-9C7D-C767F875F185}.Debug|Any CPU.ActiveCfg = Debug|Any CPU
		{D45166B0-E24D-4CBB-9C7D-C767F875F185}.Debug|Any CPU.Build.0 = Debug|Any CPU
		{D45166B0-E24D-4CBB-9C7D-C767F875F185}.Release|Any CPU.ActiveCfg = Release|Any CPU
		{D45166B0-E24D-4CBB-9C7D-C767F875F185}.Release|Any CPU.Build.0 = Release|Any CPU
	EndGlobalSection
	GlobalSection(SolutionProperties) = preSolution
		HideSolutionNode = FALSE
	EndGlobalSection
	GlobalSection(ExtensibilityGlobals) = postSolution
		SolutionGuid = {A19D0383-BB8F-42E3-9078-FAF29BBB5B59}
	EndGlobalSection
EndGlobal
